// !$*UTF8*$!
{
	archiveVersion = 1;
	classes = {
	};
	objectVersion = 77;
	objects = {

/* Begin PBXBuildFile section */
		320B6C0C2FFE0A1C0050212B /* FirebaseFirestore in Frameworks */ = {isa = PBXBuildFile; productRef = 320B6C0B2FFE0A1C0050212B /* FirebaseFirestore */; };
		3294D6582FFC8AAD0022325C /* FirebaseAuth in Frameworks */ = {isa = PBXBuildFile; productRef = 3294D6572FFC8AAD0022325C /* FirebaseAuth */; };
		3294D65A2FFC8AAD0022325C /* FirebaseCore in Frameworks */ = {isa = PBXBuildFile; productRef = 3294D6592FFC8AAD0022325C /* FirebaseCore */; };
		3294D65D2FFC8B090022325C /* GoogleSignIn in Frameworks */ = {isa = PBXBuildFile; productRef = 3294D65C2FFC8B090022325C /* GoogleSignIn */; };
		32BD805C2FFA9A5100AA58E6 /* LiveKit in Frameworks */ = {isa = PBXBuildFile; productRef = 32BD805B2FFA9A5100AA58E6 /* LiveKit */; };
/* End PBXBuildFile section */

/* Begin PBXContainerItemProxy section */
		32E548E02FE7907500966874 /* PBXContainerItemProxy */ = {
			isa = PBXContainerItemProxy;
			containerPortal = 32E548CA2FE7907400966874 /* Project object */;
			proxyType = 1;
			remoteGlobalIDString = 32E548D12FE7907400966874;
			remoteInfo = "ptt-ios";
		};
		32E548EA2FE7907500966874 /* PBXContainerItemProxy */ = {
			isa = PBXContainerItemProxy;
			containerPortal = 32E548CA2FE7907400966874 /* Project object */;
			proxyType = 1;
			remoteGlobalIDString = 32E548D12FE7907400966874;
			remoteInfo = "ptt-ios";
		};
/* End PBXContainerItemProxy section */

/* Begin PBXFileReference section */
		32E548D22FE7907400966874 /* ptt-ios.app */ = {isa = PBXFileReference; explicitFileType = wrapper.application; includeInIndex = 0; path = "ptt-ios.app"; sourceTree = BUILT_PRODUCTS_DIR; };
		32E548DF2FE7907500966874 /* ptt-iosTests.xctest */ = {isa = PBXFileReference; explicitFileType = wrapper.cfbundle; includeInIndex = 0; path = "ptt-iosTests.xctest"; sourceTree = BUILT_PRODUCTS_DIR; };
		32E548E92FE7907500966874 /* ptt-iosUITests.xctest */ = {isa = PBXFileReference; explicitFileType = wrapper.cfbundle; includeInIndex = 0; path = "ptt-iosUITests.xctest"; sourceTree = BUILT_PRODUCTS_DIR; };
/* End PBXFileReference section */

/* Begin PBXFileSystemSynchronizedBuildFileExceptionSet section */
		3294D6622FFC8CA40022325C /* Exceptions for "ptt-ios" folder in "ptt-ios" target */ = {
			isa = PBXFileSystemSynchronizedBuildFileExceptionSet;
			membershipExceptions = (
				Info.plist,
			);
			target = 32E548D12FE7907400966874 /* ptt-ios */;
		};
/* End PBXFileSystemSynchronizedBuildFileExceptionSet section */

/* Begin PBXFileSystemSynchronizedRootGroup section */
		32E548D42FE7907400966874 /* ptt-ios */ = {
			isa = PBXFileSystemSynchronizedRootGroup;
			exceptions = (
				3294D6622FFC8CA40022325C /* Exceptions for "ptt-ios" folder in "ptt-ios" target */,
			);
			path = "ptt-ios";
			sourceTree = "<group>";
		};
		32E548E22FE7907500966874 /* ptt-iosTests */ = {
			isa = PBXFileSystemSynchronizedRootGroup;
			path = "ptt-iosTests";
			sourceTree = "<group>";
		};
		32E548EC2FE7907500966874 /* ptt-iosUITests */ = {
			isa = PBXFileSystemSynchronizedRootGroup;
			path = "ptt-iosUITests";
			sourceTree = "<group>";
		};
/* End PBXFileSystemSynchronizedRootGroup section */

/* Begin PBXFrameworksBuildPhase section */
		32E548CF2FE7907400966874 /* Frameworks */ = {
			isa = PBXFrameworksBuildPhase;
			buildActionMask = 2147483647;
			files = (
				32BD805C2FFA9A5100AA58E6 /* LiveKit in Frameworks */,
				3294D65D2FFC8B090022325C /* GoogleSignIn in Frameworks */,
				3294D65A2FFC8AAD0022325C /* FirebaseCore in Frameworks */,
				320B6C0C2FFE0A1C0050212B /* FirebaseFirestore in Frameworks */,
				3294D6582FFC8AAD0022325C /* FirebaseAuth in Frameworks */,
			);
			runOnlyForDeploymentPostprocessing = 0;
		};
		32E548DC2FE7907500966874 /* Frameworks */ = {
			isa = PBXFrameworksBuildPhase;
			buildActionMask = 2147483647;
			files = (
			);
			runOnlyForDeploymentPostprocessing = 0;
		};
		32E548E62FE7907500966874 /* Frameworks */ = {
			isa = PBXFrameworksBuildPhase;
			buildActionMask = 2147483647;
			files = (
			);
			runOnlyForDeploymentPostprocessing = 0;
		};
/* End PBXFrameworksBuildPhase section */

/* Begin PBXGroup section */
		32BD805A2FFA9A5100AA58E6 /* Frameworks */ = {
			isa = PBXGroup;
			children = (
			);
			name = Frameworks;
			sourceTree = "<group>";
		};
		32E548C92FE7907400966874 = {
			isa = PBXGroup;
			children = (
				32E548D42FE7907400966874 /* ptt-ios */,
				32E548E22FE7907500966874 /* ptt-iosTests */,
				32E548EC2FE7907500966874 /* ptt-iosUITests */,
				32BD805A2FFA9A5100AA58E6 /* Frameworks */,
				32E548D32FE7907400966874 /* Products */,
			);
			sourceTree = "<group>";
		};
		32E548D32FE7907400966874 /* Products */ = {
			isa = PBXGroup;
			children = (
				32E548D22FE7907400966874 /* ptt-ios.app */,
				32E548DF2FE7907500966874 /* ptt-iosTests.xctest */,
				32E548E92FE7907500966874 /* ptt-iosUITests.xctest */,
			);
			name = Products;
			sourceTree = "<group>";
		};
/* End PBXGroup section */

/* Begin PBXNativeTarget section */
		32E548D12FE7907400966874 /* ptt-ios */ = {
			isa = PBXNativeTarget;
			buildConfigurationList = 32E548F32FE7907500966874 /* Build configuration list for PBXNativeTarget "ptt-ios" */;
			buildPhases = (
				32E548CE2FE7907400966874 /* Sources */,
				32E548CF2FE7907400966874 /* Frameworks */,
				32E548D02FE7907400966874 /* Resources */,
			);
			buildRules = (
			);
			dependencies = (
			);
			fileSystemSynchronizedGroups = (
				32E548D42FE7907400966874 /* ptt-ios */,
			);
			name = "ptt-ios";
			packageProductDependencies = (
				32BD805B2FFA9A5100AA58E6 /* LiveKit */,
				3294D6572FFC8AAD0022325C /* FirebaseAuth */,
				3294D6592FFC8AAD0022325C /* FirebaseCore */,
				3294D65C2FFC8B090022325C /* GoogleSignIn */,
				320B6C0B2FFE0A1C0050212B /* FirebaseFirestore */,
			);
			productName = "ptt-ios";
			productReference = 32E548D22FE7907400966874 /* ptt-ios.app */;
			productType = "com.apple.product-type.application";
		};
		32E548DE2FE7907500966874 /* ptt-iosTests */ = {
			isa = PBXNativeTarget;
			buildConfigurationList = 32E548F62FE7907500966874 /* Build configuration list for PBXNativeTarget "ptt-iosTests" */;
			buildPhases = (
				32E548DB2FE7907500966874 /* Sources */,
				32E548DC2FE7907500966874 /* Frameworks */,
				32E548DD2FE7907500966874 /* Resources */,
			);
			buildRules = (
			);
			dependencies = (
				32E548E12FE7907500966874 /* PBXTargetDependency */,
			);
			fileSystemSynchronizedGroups = (
				32E548E22FE7907500966874 /* ptt-iosTests */,
			);
			name = "ptt-iosTests";
			packageProductDependencies = (
			);
			productName = "ptt-iosTests";
			productReference = 32E548DF2FE7907500966874 /* ptt-iosTests.xctest */;
			productType = "com.apple.product-type.bundle.unit-test";
		};
		32E548E82FE7907500966874 /* ptt-iosUITests */ = {
			isa = PBXNativeTarget;
			buildConfigurationList = 32E548F92FE7907500966874 /* Build configuration list for PBXNativeTarget "ptt-iosUITests" */;
			buildPhases = (
				32E548E52FE7907500966874 /* Sources */,
				32E548E62FE7907500966874 /* Frameworks */,
				32E548E72FE7907500966874 /* Resources */,
			);
			buildRules = (
			);
			dependencies = (
				32E548EB2FE7907500966874 /* PBXTargetDependency */,
			);
			fileSystemSynchronizedGroups = (
				32E548EC2FE7907500966874 /* ptt-iosUITests */,
			);
			name = "ptt-iosUITests";
			packageProductDependencies = (
			);
			productName = "ptt-iosUITests";
			productReference = 32E548E92FE7907500966874 /* ptt-iosUITests.xctest */;
			productType = "com.apple.product-type.bundle.ui-testing";
		};
/* End PBXNativeTarget section */

/* Begin PBXProject section */
		32E548CA2FE7907400966874 /* Project object */ = {
			isa = PBXProject;
			attributes = {
				BuildIndependentTargetsInParallel = 1;
				LastSwiftUpdateCheck = 2650;
				LastUpgradeCheck = 2650;
				TargetAttributes = {
					32E548D12FE7907400966874 = {
						CreatedOnToolsVersion = 26.5;
						LastSwiftMigration = 2660;
					};
					32E548DE2FE7907500966874 = {
						CreatedOnToolsVersion = 26.5;
						TestTargetID = 32E548D12FE7907400966874;
					};
					32E548E82FE7907500966874 = {
						CreatedOnToolsVersion = 26.5;
						TestTargetID = 32E548D12FE7907400966874;
					};
				};
			};
			buildConfigurationList = 32E548CD2FE7907400966874 /* Build configuration list for PBXProject "ptt-ios" */;
			developmentRegion = en;
			hasScannedForEncodings = 0;
			knownRegions = (
				en,
				ja,
				Base,
			);
			mainGroup = 32E548C92FE7907400966874;
			minimizedProjectReferenceProxies = 1;
			packageReferences = (
				32BD80532FFA997200AA58E6 /* XCRemoteSwiftPackageReference "client-sdk-swift" */,
				3294D6562FFC8AAD0022325C /* XCRemoteSwiftPackageReference "firebase-ios-sdk" */,
				3294D65B2FFC8B090022325C /* XCRemoteSwiftPackageReference "GoogleSignIn-iOS" */,
			);
			preferredProjectObjectVersion = 77;
			productRefGroup = 32E548D32FE7907400966874 /* Products */;
			projectDirPath = "";
			projectRoot = "";
			targets = (
				32E548D12FE7907400966874 /* ptt-ios */,
				32E548DE2FE7907500966874 /* ptt-iosTests */,
				32E548E82FE7907500966874 /* ptt-iosUITests */,
			);
		};
/* End PBXProject section */

/* Begin PBXResourcesBuildPhase section */
		32E548D02FE7907400966874 /* Resources */ = {
			isa = PBXResourcesBuildPhase;
			buildActionMask = 2147483647;
			files = (
			);
			runOnlyForDeploymentPostprocessing = 0;
		};
		32E548DD2FE7907500966874 /* Resources */ = {
			isa = PBXResourcesBuildPhase;
			buildActionMask = 2147483647;
			files = (
			);
			runOnlyForDeploymentPostprocessing = 0;
		};
		32E548E72FE7907500966874 /* Resources */ = {
			isa = PBXResourcesBuildPhase;
			buildActionMask = 2147483647;
			files = (
			);
			runOnlyForDeploymentPostprocessing = 0;
		};
/* End PBXResourcesBuildPhase section */

/* Begin PBXSourcesBuildPhase section */
		32E548CE2FE7907400966874 /* Sources */ = {
			isa = PBXSourcesBuildPhase;
			buildActionMask = 2147483647;
			files = (
			);
			runOnlyForDeploymentPostprocessing = 0;
		};
		32E548DB2FE7907500966874 /* Sources */ = {
			isa = PBXSourcesBuildPhase;
			buildActionMask = 2147483647;
			files = (
			);
			runOnlyForDeploymentPostprocessing = 0;
		};
		32E548E52FE7907500966874 /* Sources */ = {
			isa = PBXSourcesBuildPhase;
			buildActionMask = 2147483647;
			files = (
			);
			runOnlyForDeploymentPostprocessing = 0;
		};
/* End PBXSourcesBuildPhase section */

/* Begin PBXTargetDependency section */
		32E548E12FE7907500966874 /* PBXTargetDependency */ = {
			isa = PBXTargetDependency;
			target = 32E548D12FE7907400966874 /* ptt-ios */;
			targetProxy = 32E548E02FE7907500966874 /* PBXContainerItemProxy */;
		};
		32E548EB2FE7907500966874 /* PBXTargetDependency */ = {
			isa = PBXTargetDependency;
			target = 32E548D12FE7907400966874 /* ptt-ios */;
			targetProxy = 32E548EA2FE7907500966874 /* PBXContainerItemProxy */;
		};
/* End PBXTargetDependency section */

/* Begin XCBuildConfiguration section */
		32E548F12FE7907500966874 /* Debug */ = {
			isa = XCBuildConfiguration;
			buildSettings = {
				ALWAYS_SEARCH_USER_PATHS = NO;
				ASSETCATALOG_COMPILER_GENERATE_SWIFT_ASSET_SYMBOL_EXTENSIONS = YES;
				CLANG_ANALYZER_NONNULL = YES;
				CLANG_ANALYZER_NUMBER_OBJECT_CONVERSION = YES_AGGRESSIVE;
				CLANG_CXX_LANGUAGE_STANDARD = "gnu++20";
				CLANG_ENABLE_MODULES = YES;
				CLANG_ENABLE_OBJC_ARC = YES;
				CLANG_ENABLE_OBJC_WEAK = YES;
				CLANG_WARN_BLOCK_CAPTURE_AUTORELEASING = YES;
				CLANG_WARN_BOOL_CONVERSION = YES;
				CLANG_WARN_COMMA = YES;
				CLANG_WARN_CONSTANT_CONVERSION = YES;
				CLANG_WARN_DEPRECATED_OBJC_IMPLEMENTATIONS = YES;
				CLANG_WARN_DIRECT_OBJC_ISA_USAGE = YES_ERROR;
				CLANG_WARN_DOCUMENTATION_COMMENTS = YES;
				CLANG_WARN_EMPTY_BODY = YES;
				CLANG_WARN_ENUM_CONVERSION = YES;
				CLANG_WARN_INFINITE_RECURSION = YES;
				CLANG_WARN_INT_CONVERSION = YES;
				CLANG_WARN_NON_LITERAL_NULL_CONVERSION = YES;
				CLANG_WARN_OBJC_IMPLICIT_RETAIN_SELF = YES;
				CLANG_WARN_OBJC_LITERAL_CONVERSION = YES;
				CLANG_WARN_OBJC_ROOT_CLASS = YES_ERROR;
				CLANG_WARN_QUOTED_INCLUDE_IN_FRAMEWORK_HEADER = YES;
				CLANG_WARN_RANGE_LOOP_ANALYSIS = YES;
				CLANG_WARN_STRICT_PROTOTYPES = YES;
				CLANG_WARN_SUSPICIOUS_MOVE = YES;
				CLANG_WARN_UNGUARDED_AVAILABILITY = YES_AGGRESSIVE;
				CLANG_WARN_UNREACHABLE_CODE = YES;
				CLANG_WARN__DUPLICATE_METHOD_MATCH = YES;
				COPY_PHASE_STRIP = NO;
				DEBUG_INFORMATION_FORMAT = dwarf;
				DEVELOPMENT_TEAM = MTP6LLLBBQ;
				ENABLE_STRICT_OBJC_MSGSEND = YES;
				ENABLE_TESTABILITY = YES;
				ENABLE_USER_SCRIPT_SANDBOXING = YES;
				GCC_C_LANGUAGE_STANDARD = gnu17;
				GCC_DYNAMIC_NO_PIC = NO;
				GCC_NO_COMMON_BLOCKS = YES;
				GCC_OPTIMIZATION_LEVEL = 0;
				GCC_PREPROCESSOR_DEFINITIONS = (
					"DEBUG=1",
					"$(inherited)",
				);
				GCC_WARN_64_TO_32_BIT_CONVERSION = YES;
				GCC_WARN_ABOUT_RETURN_TYPE = YES_ERROR;
				GCC_WARN_UNDECLARED_SELECTOR = YES;
				GCC_WARN_UNINITIALIZED_AUTOS = YES_AGGRESSIVE;
				GCC_WARN_UNUSED_FUNCTION = YES;
				GCC_WARN_UNUSED_VARIABLE = YES;
				IPHONEOS_DEPLOYMENT_TARGET = 26.5;
				LOCALIZATION_PREFERS_STRING_CATALOGS = YES;
				MTL_ENABLE_DEBUG_INFO = INCLUDE_SOURCE;
				MTL_FAST_MATH = YES;
				ONLY_ACTIVE_ARCH = YES;
				SDKROOT = iphoneos;
				SWIFT_ACTIVE_COMPILATION_CONDITIONS = "DEBUG $(inherited)";
				SWIFT_OPTIMIZATION_LEVEL = "-Onone";
			};
			name = Debug;
		};
		32E548F22FE7907500966874 /* Release */ = {
			isa = XCBuildConfiguration;
			buildSettings = {
				ALWAYS_SEARCH_USER_PATHS = NO;
				ASSETCATALOG_COMPILER_GENERATE_SWIFT_ASSET_SYMBOL_EXTENSIONS = YES;
				CLANG_ANALYZER_NONNULL = YES;
				CLANG_ANALYZER_NUMBER_OBJECT_CONVERSION = YES_AGGRESSIVE;
				CLANG_CXX_LANGUAGE_STANDARD = "gnu++20";
				CLANG_ENABLE_MODULES = YES;
				CLANG_ENABLE_OBJC_ARC = YES;
				CLANG_ENABLE_OBJC_WEAK = YES;
				CLANG_WARN_BLOCK_CAPTURE_AUTORELEASING = YES;
				CLANG_WARN_BOOL_CONVERSION = YES;
				CLANG_WARN_COMMA = YES;
				CLANG_WARN_CONSTANT_CONVERSION = YES;
				CLANG_WARN_DEPRECATED_OBJC_IMPLEMENTATIONS = YES;
				CLANG_WARN_DIRECT_OBJC_ISA_USAGE = YES_ERROR;
				CLANG_WARN_DOCUMENTATION_COMMENTS = YES;
				CLANG_WARN_EMPTY_BODY = YES;
				CLANG_WARN_ENUM_CONVERSION = YES;
				CLANG_WARN_INFINITE_RECURSION = YES;
				CLANG_WARN_INT_CONVERSION = YES;
				CLANG_WARN_NON_LITERAL_NULL_CONVERSION = YES;
				CLANG_WARN_OBJC_IMPLICIT_RETAIN_SELF = YES;
				CLANG_WARN_OBJC_LITERAL_CONVERSION = YES;
				CLANG_WARN_OBJC_ROOT_CLASS = YES_ERROR;
				CLANG_WARN_QUOTED_INCLUDE_IN_FRAMEWORK_HEADER = YES;
				CLANG_WARN_RANGE_LOOP_ANALYSIS = YES;
				CLANG_WARN_STRICT_PROTOTYPES = YES;
				CLANG_WARN_SUSPICIOUS_MOVE = YES;
				CLANG_WARN_UNGUARDED_AVAILABILITY = YES_AGGRESSIVE;
				CLANG_WARN_UNREACHABLE_CODE = YES;
				CLANG_WARN__DUPLICATE_METHOD_MATCH = YES;
				COPY_PHASE_STRIP = NO;
				DEBUG_INFORMATION_FORMAT = "dwarf-with-dsym";
				DEVELOPMENT_TEAM = MTP6LLLBBQ;
				ENABLE_NS_ASSERTIONS = NO;
				ENABLE_STRICT_OBJC_MSGSEND = YES;
				ENABLE_USER_SCRIPT_SANDBOXING = YES;
				GCC_C_LANGUAGE_STANDARD = gnu17;
				GCC_NO_COMMON_BLOCKS = YES;
				GCC_WARN_64_TO_32_BIT_CONVERSION = YES;
				GCC_WARN_ABOUT_RETURN_TYPE = YES_ERROR;
				GCC_WARN_UNDECLARED_SELECTOR = YES;
				GCC_WARN_UNINITIALIZED_AUTOS = YES_AGGRESSIVE;
				GCC_WARN_UNUSED_FUNCTION = YES;
				GCC_WARN_UNUSED_VARIABLE = YES;
				IPHONEOS_DEPLOYMENT_TARGET = 26.5;
				LOCALIZATION_PREFERS_STRING_CATALOGS = YES;
				MTL_ENABLE_DEBUG_INFO = NO;
				MTL_FAST_MATH = YES;
				SDKROOT = iphoneos;
				SWIFT_COMPILATION_MODE = wholemodule;
				VALIDATE_PRODUCT = YES;
			};
			name = Release;
		};
		32E548F42FE7907500966874 /* Debug */ = {
			isa = XCBuildConfiguration;
			buildSettings = {
				ASSETCATALOG_COMPILER_APPICON_NAME = AppIcon;
				ASSETCATALOG_COMPILER_GLOBAL_ACCENT_COLOR_NAME = AccentColor;
				CLANG_ENABLE_MODULES = YES;
				CODE_SIGN_STYLE = Automatic;
				CURRENT_PROJECT_VERSION = 1;
				DEVELOPMENT_TEAM = MTP6LLLBBQ;
				ENABLE_PREVIEWS = YES;
				GENERATE_INFOPLIST_FILE = YES;
				INFOPLIST_FILE = "ptt-ios/Info.plist";
				INFOPLIST_KEY_LSApplicationCategoryType = "";
				INFOPLIST_KEY_NSMicrophoneUsageDescription = "音声のプッシュトゥトークのためにマイクを使用します";
				INFOPLIST_KEY_UIApplicationSceneManifest_Generation = YES;
				INFOPLIST_KEY_UIApplicationSupportsIndirectInputEvents = YES;
				INFOPLIST_KEY_UILaunchScreen_Generation = YES;
				INFOPLIST_KEY_UISupportedInterfaceOrientations_iPad = "UIInterfaceOrientationPortrait UIInterfaceOrientationPortraitUpsideDown UIInterfaceOrientationLandscapeLeft UIInterfaceOrientationLandscapeRight";
				INFOPLIST_KEY_UISupportedInterfaceOrientations_iPhone = "UIInterfaceOrientationPortrait UIInterfaceOrientationLandscapeLeft UIInterfaceOrientationLandscapeRight";
				LD_RUNPATH_SEARCH_PATHS = (
					"$(inherited)",
					"@executable_path/Frameworks",
				);
				MARKETING_VERSION = 1.0;
				PRODUCT_BUNDLE_IDENTIFIER = "co.ubunifu.ptt-ios";
				PRODUCT_NAME = "$(TARGET_NAME)";
				STRING_CATALOG_GENERATE_SYMBOLS = YES;
				SWIFT_APPROACHABLE_CONCURRENCY = YES;
				SWIFT_DEFAULT_ACTOR_ISOLATION = MainActor;
				SWIFT_EMIT_LOC_STRINGS = YES;
				SWIFT_OPTIMIZATION_LEVEL = "-Onone";
				SWIFT_UPCOMING_FEATURE_MEMBER_IMPORT_VISIBILITY = YES;
				SWIFT_VERSION = 5.0;
				TARGETED_DEVICE_FAMILY = "1,2";
			};
			name = Debug;
		};
		32E548F52FE7907500966874 /* Release */ = {
			isa = XCBuildConfiguration;
			buildSettings = {
				ASSETCATALOG_COMPILER_APPICON_NAME = AppIcon;
				ASSETCATALOG_COMPILER_GLOBAL_ACCENT_COLOR_NAME = AccentColor;
				CLANG_ENABLE_MODULES = YES;
				CODE_SIGN_STYLE = Automatic;
				CURRENT_PROJECT_VERSION = 1;
				DEVELOPMENT_TEAM = MTP6LLLBBQ;
				ENABLE_PREVIEWS = YES;
				GENERATE_INFOPLIST_FILE = YES;
				INFOPLIST_FILE = "ptt-ios/Info.plist";
				INFOPLIST_KEY_LSApplicationCategoryType = "";
				INFOPLIST_KEY_NSMicrophoneUsageDescription = "音声のプッシュトゥトークのためにマイクを使用します";
				INFOPLIST_KEY_UIApplicationSceneManifest_Generation = YES;
				INFOPLIST_KEY_UIApplicationSupportsIndirectInputEvents = YES;
				INFOPLIST_KEY_UILaunchScreen_Generation = YES;
				INFOPLIST_KEY_UISupportedInterfaceOrientations_iPad = "UIInterfaceOrientationPortrait UIInterfaceOrientationPortraitUpsideDown UIInterfaceOrientationLandscapeLeft UIInterfaceOrientationLandscapeRight";
				INFOPLIST_KEY_UISupportedInterfaceOrientations_iPhone = "UIInterfaceOrientationPortrait UIInterfaceOrientationLandscapeLeft UIInterfaceOrientationLandscapeRight";
				LD_RUNPATH_SEARCH_PATHS = (
					"$(inherited)",
					"@executable_path/Frameworks",
				);
				MARKETING_VERSION = 1.0;
				PRODUCT_BUNDLE_IDENTIFIER = "co.ubunifu.ptt-ios";
				PRODUCT_NAME = "$(TARGET_NAME)";
				STRING_CATALOG_GENERATE_SYMBOLS = YES;
				SWIFT_APPROACHABLE_CONCURRENCY = YES;
				SWIFT_DEFAULT_ACTOR_ISOLATION = MainActor;
				SWIFT_EMIT_LOC_STRINGS = YES;
				SWIFT_UPCOMING_FEATURE_MEMBER_IMPORT_VISIBILITY = YES;
				SWIFT_VERSION = 5.0;
				TARGETED_DEVICE_FAMILY = "1,2";
			};
			name = Release;
		};
		32E548F72FE7907500966874 /* Debug */ = {
			isa = XCBuildConfiguration;
			buildSettings = {
				BUNDLE_LOADER = "$(TEST_HOST)";
				CODE_SIGN_STYLE = Automatic;
				CURRENT_PROJECT_VERSION = 1;
				DEVELOPMENT_TEAM = MTP6LLLBBQ;
				GENERATE_INFOPLIST_FILE = YES;
				IPHONEOS_DEPLOYMENT_TARGET = 26.5;
				MARKETING_VERSION = 1.0;
				PRODUCT_BUNDLE_IDENTIFIER = "co.ubunifu.ptt-iosTests";
				PRODUCT_NAME = "$(TARGET_NAME)";
				STRING_CATALOG_GENERATE_SYMBOLS = NO;
				SWIFT_APPROACHABLE_CONCURRENCY = YES;
				SWIFT_EMIT_LOC_STRINGS = NO;
				SWIFT_UPCOMING_FEATURE_MEMBER_IMPORT_VISIBILITY = YES;
				SWIFT_VERSION = 5.0;
				TARGETED_DEVICE_FAMILY = "1,2";
				TEST_HOST = "$(BUILT_PRODUCTS_DIR)/ptt-ios.app/$(BUNDLE_EXECUTABLE_FOLDER_PATH)/ptt-ios";
			};
			name = Debug;
		};
		32E548F82FE7907500966874 /* Release */ = {
			isa = XCBuildConfiguration;
			buildSettings = {
				BUNDLE_LOADER = "$(TEST_HOST)";
				CODE_SIGN_STYLE = Automatic;
				CURRENT_PROJECT_VERSION = 1;
				DEVELOPMENT_TEAM = MTP6LLLBBQ;
				GENERATE_INFOPLIST_FILE = YES;
				IPHONEOS_DEPLOYMENT_TARGET = 26.5;
				MARKETING_VERSION = 1.0;
				PRODUCT_BUNDLE_IDENTIFIER = "co.ubunifu.ptt-iosTests";
				PRODUCT_NAME = "$(TARGET_NAME)";
				STRING_CATALOG_GENERATE_SYMBOLS = NO;
				SWIFT_APPROACHABLE_CONCURRENCY = YES;
				SWIFT_EMIT_LOC_STRINGS = NO;
				SWIFT_UPCOMING_FEATURE_MEMBER_IMPORT_VISIBILITY = YES;
				SWIFT_VERSION = 5.0;
				TARGETED_DEVICE_FAMILY = "1,2";
				TEST_HOST = "$(BUILT_PRODUCTS_DIR)/ptt-ios.app/$(BUNDLE_EXECUTABLE_FOLDER_PATH)/ptt-ios";
			};
			name = Release;
		};
		32E548FA2FE7907500966874 /* Debug */ = {
			isa = XCBuildConfiguration;
			buildSettings = {
				CODE_SIGN_STYLE = Automatic;
				CURRENT_PROJECT_VERSION = 1;
				DEVELOPMENT_TEAM = MTP6LLLBBQ;
				GENERATE_INFOPLIST_FILE = YES;
				MARKETING_VERSION = 1.0;
				PRODUCT_BUNDLE_IDENTIFIER = "co.ubunifu.ptt-iosUITests";
				PRODUCT_NAME = "$(TARGET_NAME)";
				STRING_CATALOG_GENERATE_SYMBOLS = NO;
				SWIFT_APPROACHABLE_CONCURRENCY = YES;
				SWIFT_EMIT_LOC_STRINGS = NO;
				SWIFT_UPCOMING_FEATURE_MEMBER_IMPORT_VISIBILITY = YES;
				SWIFT_VERSION = 5.0;
				TARGETED_DEVICE_FAMILY = "1,2";
				TEST_TARGET_NAME = "ptt-ios";
			};
			name = Debug;
		};
		32E548FB2FE7907500966874 /* Release */ = {
			isa = XCBuildConfiguration;
			buildSettings = {
				CODE_SIGN_STYLE = Automatic;
				CURRENT_PROJECT_VERSION = 1;
				DEVELOPMENT_TEAM = MTP6LLLBBQ;
				GENERATE_INFOPLIST_FILE = YES;
				MARKETING_VERSION = 1.0;
				PRODUCT_BUNDLE_IDENTIFIER = "co.ubunifu.ptt-iosUITests";
				PRODUCT_NAME = "$(TARGET_NAME)";
				STRING_CATALOG_GENERATE_SYMBOLS = NO;
				SWIFT_APPROACHABLE_CONCURRENCY = YES;
				SWIFT_EMIT_LOC_STRINGS = NO;
				SWIFT_UPCOMING_FEATURE_MEMBER_IMPORT_VISIBILITY = YES;
				SWIFT_VERSION = 5.0;
				TARGETED_DEVICE_FAMILY = "1,2";
				TEST_TARGET_NAME = "ptt-ios";
			};
			name = Release;
		};
/* End XCBuildConfiguration section */

/* Begin XCConfigurationList section */
		32E548CD2FE7907400966874 /* Build configuration list for PBXProject "ptt-ios" */ = {
			isa = XCConfigurationList;
			buildConfigurations = (
				32E548F12FE7907500966874 /* Debug */,
				32E548F22FE7907500966874 /* Release */,
			);
			defaultConfigurationIsVisible = 0;
			defaultConfigurationName = Release;
		};
		32E548F32FE7907500966874 /* Build configuration list for PBXNativeTarget "ptt-ios" */ = {
			isa = XCConfigurationList;
			buildConfigurations = (
				32E548F42FE7907500966874 /* Debug */,
				32E548F52FE7907500966874 /* Release */,
			);
			defaultConfigurationIsVisible = 0;
			defaultConfigurationName = Release;
		};
		32E548F62FE7907500966874 /* Build configuration list for PBXNativeTarget "ptt-iosTests" */ = {
			isa = XCConfigurationList;
			buildConfigurations = (
				32E548F72FE7907500966874 /* Debug */,
				32E548F82FE7907500966874 /* Release */,
			);
			defaultConfigurationIsVisible = 0;
			defaultConfigurationName = Release;
		};
		32E548F92FE7907500966874 /* Build configuration list for PBXNativeTarget "ptt-iosUITests" */ = {
			isa = XCConfigurationList;
			buildConfigurations = (
				32E548FA2FE7907500966874 /* Debug */,
				32E548FB2FE7907500966874 /* Release */,
			);
			defaultConfigurationIsVisible = 0;
			defaultConfigurationName = Release;
		};
/* End XCConfigurationList section */

/* Begin XCRemoteSwiftPackageReference section */
		3294D6562FFC8AAD0022325C /* XCRemoteSwiftPackageReference "firebase-ios-sdk" */ = {
			isa = XCRemoteSwiftPackageReference;
			repositoryURL = "https://github.com/firebase/firebase-ios-sdk";
			requirement = {
				kind = upToNextMajorVersion;
				minimumVersion = 12.15.0;
			};
		};
		3294D65B2FFC8B090022325C /* XCRemoteSwiftPackageReference "GoogleSignIn-iOS" */ = {
			isa = XCRemoteSwiftPackageReference;
			repositoryURL = "https://github.com/google/GoogleSignIn-iOS";
			requirement = {
				kind = upToNextMajorVersion;
				minimumVersion = 9.2.0;
			};
		};
		32BD80532FFA997200AA58E6 /* XCRemoteSwiftPackageReference "client-sdk-swift" */ = {
			isa = XCRemoteSwiftPackageReference;
			repositoryURL = "https://github.com/livekit/client-sdk-swift";
			requirement = {
				kind = upToNextMajorVersion;
				minimumVersion = 2.15.1;
			};
		};
/* End XCRemoteSwiftPackageReference section */

/* Begin XCSwiftPackageProductDependency section */
		320B6C0B2FFE0A1C0050212B /* FirebaseFirestore */ = {
			isa = XCSwiftPackageProductDependency;
			package = 3294D6562FFC8AAD0022325C /* XCRemoteSwiftPackageReference "firebase-ios-sdk" */;
			productName = FirebaseFirestore;
		};
		3294D6572FFC8AAD0022325C /* FirebaseAuth */ = {
			isa = XCSwiftPackageProductDependency;
			package = 3294D6562FFC8AAD0022325C /* XCRemoteSwiftPackageReference "firebase-ios-sdk" */;
			productName = FirebaseAuth;
		};
		3294D6592FFC8AAD0022325C /* FirebaseCore */ = {
			isa = XCSwiftPackageProductDependency;
			package = 3294D6562FFC8AAD0022325C /* XCRemoteSwiftPackageReference "firebase-ios-sdk" */;
			productName = FirebaseCore;
		};
		3294D65C2FFC8B090022325C /* GoogleSignIn */ = {
			isa = XCSwiftPackageProductDependency;
			package = 3294D65B2FFC8B090022325C /* XCRemoteSwiftPackageReference "GoogleSignIn-iOS" */;
			productName = GoogleSignIn;
		};
		32BD805B2FFA9A5100AA58E6 /* LiveKit */ = {
			isa = XCSwiftPackageProductDependency;
			package = 32BD80532FFA997200AA58E6 /* XCRemoteSwiftPackageReference "client-sdk-swift" */;
			productName = LiveKit;
		};
/* End XCSwiftPackageProductDependency section */
	};
	rootObject = 32E548CA2FE7907400966874 /* Project object */;
}
